// !$*UTF8*$!
{
	archiveVersion = 1;
	classes = {
	};
	objectVersion = 56;
	objects = {

/* Begin PBXBuildFile section */
		F93E71DF2BE68EEE00E1CFF9 /* FeedViewController.swift in Sources */ = {isa = PBXBuildFile; fileRef = F93E71DE2BE68EEE00E1CFF9 /* FeedViewController.swift */; };
		F93E71E12BE68EFC00E1CFF9 /* UploadViewController.swift in Sources */ = {isa = PBXBuildFile; fileRef = F93E71E02BE68EFC00E1CFF9 /* UploadViewController.swift */; };
		F93E71E32BE68F0B00E1CFF9 /* SettingsViewController.swift in Sources */ = {isa = PBXBuildFile; fileRef = F93E71E22BE68F0B00E1CFF9 /* SettingsViewController.swift */; };
		F93E71E52BE6983A00E1CFF9 /* SignUpViewController.swift in Sources */ = {isa = PBXBuildFile; fileRef = F93E71E42BE6983A00E1CFF9 /* SignUpViewController.swift */; };
		F9C06C622BE6620B00E80617 /* AppDelegate.swift in Sources */ = {isa = PBXBuildFile; fileRef = F9C06C612BE6620B00E80617 /* AppDelegate.swift */; };
		F9C06C642BE6620B00E80617 /* SceneDelegate.swift in Sources */ = {isa = PBXBuildFile; fileRef = F9C06C632BE6620B00E80617 /* SceneDelegate.swift */; };
		F9C06C662BE6620B00E80617 /* ViewController.swift in Sources */ = {isa = PBXBuildFile; fileRef = F9C06C652BE6620B00E80617 /* ViewController.swift */; };
		F9C06C692BE6620B00E80617 /* Base in Resources */ = {isa = PBXBuildFile; fileRef = F9C06C682BE6620B00E80617 /* Base */; };
		F9C06C6B2BE6620C00E80617 /* Assets.xcassets in Resources */ = {isa = PBXBuildFile; fileRef = F9C06C6A2BE6620C00E80617 /* Assets.xcassets */; };
		F9C06C6E2BE6620C00E80617 /* Base in Resources */ = {isa = PBXBuildFile; fileRef = F9C06C6D2BE6620C00E80617 /* Base */; };
		F9C06C792BE66CC900E80617 /* FirebaseAnalytics in Frameworks */ = {isa = PBXBuildFile; productRef = F9C06C782BE66CC900E80617 /* FirebaseAnalytics */; };
		F9C06C7B2BE66CC900E80617 /* FirebaseAuth in Frameworks */ = {isa = PBXBuildFile; productRef = F9C06C7A2BE66CC900E80617 /* FirebaseAuth */; };
		F9C06C7D2BE66CC900E80617 /* FirebaseFirestore in Frameworks */ = {isa = PBXBuildFile; productRef = F9C06C7C2BE66CC900E80617 /* FirebaseFirestore */; };
		F9C06C7F2BE66CC900E80617 /* FirebaseStorage in Frameworks */ = {isa = PBXBuildFile; productRef = F9C06C7E2BE66CC900E80617 /* FirebaseStorage */; };
		F9C06C832BE6816300E80617 /* GoogleService-Info.plist in Resources */ = {isa = PBXBuildFile; fileRef = F9C06C822BE6816300E80617 /* GoogleService-Info.plist */; };
/* End PBXBuildFile section */

/* Begin PBXFileReference section */
		F93E71DE2BE68EEE00E1CFF9 /* FeedViewController.swift */ = {isa = PBXFileReference; lastKnownFileType = sourcecode.swift; path = FeedViewController.swift; sourceTree = "<group>"; };
		F93E71E02BE68EFC00E1CFF9 /* UploadViewController.swift */ = {isa = PBXFileReference; lastKnownFileType = sourcecode.swift; path = UploadViewController.swift; sourceTree = "<group>"; };
		F93E71E22BE68F0B00E1CFF9 /* SettingsViewController.swift */ = {isa = PBXFileReference; lastKnownFileType = sourcecode.swift; path = SettingsViewController.swift; sourceTree = "<group>"; };
		F93E71E42BE6983A00E1CFF9 /* SignUpViewController.swift */ = {isa = PBXFileReference; lastKnownFileType = sourcecode.swift; path = SignUpViewController.swift; sourceTree = "<group>"; };
		F9C06C5E2BE6620B00E80617 /* InstagramClone.app */ = {isa = PBXFileReference; explicitFileType = wrapper.application; includeInIndex = 0; path = InstagramClone.app; sourceTree = BUILT_PRODUCTS_DIR; };
		F9C06C612BE6620B00E80617 /* AppDelegate.swift */ = {isa = PBXFileReference; lastKnownFileType = sourcecode.swift; path = AppDelegate.swift; sourceTree = "<group>"; };
		F9C06C632BE6620B00E80617 /* SceneDelegate.swift */ = {isa = PBXFileReference; lastKnownFileType = sourcecode.swift; path = SceneDelegate.swift; sourceTree = "<group>"; };
		F9C06C652BE6620B00E80617 /* ViewController.swift */ = {isa = PBXFileReference; lastKnownFileType = sourcecode.swift; path = ViewController.swift; sourceTree = "<group>"; };
		F9C06C682BE6620B00E80617 /* Base */ = {isa = PBXFileReference; lastKnownFileType = file.storyboard; name = Base; path = Base.lproj/Main.storyboard; sourceTree = "<group>"; };
		F9C06C6A2BE6620C00E80617 /* Assets.xcassets */ = {isa = PBXFileReference; lastKnownFileType = folder.assetcatalog; path = Assets.xcassets; sourceTree = "<group>"; };
		F9C06C6D2BE6620C00E80617 /* Base */ = {isa = PBXFileReference; lastKnownFileType = file.storyboard; name = Base; path = Base.lproj/LaunchScreen.storyboard; sourceTree = "<group>"; };
		F9C06C6F2BE6620C00E80617 /* Info.plist */ = {isa = PBXFileReference; lastKnownFileType = text.plist.xml; path = Info.plist; sourceTree = "<group>"; };
		F9C06C822BE6816300E80617 /* GoogleService-Info.plist */ = {isa = PBXFileReference; fileEncoding = 4; lastKnownFileType = text.plist.xml; path = "GoogleService-Info.plist"; sourceTree = "<group>"; };
/* End PBXFileReference section */

/* Begin PBXFrameworksBuildPhase section */
		F9C06C5B2BE6620B00E80617 /* Frameworks */ = {
			isa = PBXFrameworksBuildPhase;
			buildActionMask = 2147483647;
			files = (
				F9C06C792BE66CC900E80617 /* FirebaseAnalytics in Frameworks */,
				F9C06C7F2BE66CC900E80617 /* FirebaseStorage in Frameworks */,
				F9C06C7B2BE66CC900E80617 /* FirebaseAuth in Frameworks */,
				F9C06C7D2BE66CC900E80617 /* FirebaseFirestore in Frameworks */,
			);
			runOnlyForDeploymentPostprocessing = 0;
		};
/* End PBXFrameworksBuildPhase section */

/* Begin PBXGroup section */
		F9C06C552BE6620B00E80617 = {
			isa = PBXGroup;
			children = (
				F9C06C602BE6620B00E80617 /* InstagramClone */,
				F9C06C5F2BE6620B00E80617 /* Products */,
			);
			sourceTree = "<group>";
		};
		F9C06C5F2BE6620B00E80617 /* Products */ = {
			isa = PBXGroup;
			children = (
				F9C06C5E2BE6620B00E80617 /* InstagramClone.app */,
			);
			name = Products;
			sourceTree = "<group>";
		};
		F9C06C602BE6620B00E80617 /* InstagramClone */ = {
			isa = PBXGroup;
			children = (
				F9C06C612BE6620B00E80617 /* AppDelegate.swift */,
				F9C06C632BE6620B00E80617 /* SceneDelegate.swift */,
				F9C06C652BE6620B00E80617 /* ViewController.swift */,
				F93E71DE2BE68EEE00E1CFF9 /* FeedViewController.swift */,
				F93E71E02BE68EFC00E1CFF9 /* UploadViewController.swift */,
				F93E71E22BE68F0B00E1CFF9 /* SettingsViewController.swift */,
				F93E71E42BE6983A00E1CFF9 /* SignUpViewController.swift */,
				F9C06C672BE6620B00E80617 /* Main.storyboard */,
				F9C06C6A2BE6620C00E80617 /* Assets.xcassets */,
				F9C06C6C2BE6620C00E80617 /* LaunchScreen.storyboard */,
				F9C06C6F2BE6620C00E80617 /* Info.plist */,
				F9C06C822BE6816300E80617 /* GoogleService-Info.plist */,
			);
			path = InstagramClone;
			sourceTree = "<group>";
		};
/* End PBXGroup section */

/* Begin PBXNativeTarget section */
		F9C06C5D2BE6620B00E80617 /* InstagramClone */ = {
			isa = PBXNativeTarget;
			buildConfigurationList = F9C06C722BE6620C00E80617 /* Build configuration list for PBXNativeTarget "InstagramClone" */;
			buildPhases = (
				F9C06C5A2BE6620B00E80617 /* Sources */,
				F9C06C5B2BE6620B00E80617 /* Frameworks */,
				F9C06C5C2BE6620B00E80617 /* Resources */,
			);
			buildRules = (
			);
			dependencies = (
			);
			name = InstagramClone;
			packageProductDependencies = (
				F9C06C782BE66CC900E80617 /* FirebaseAnalytics */,
				F9C06C7A2BE66CC900E80617 /* FirebaseAuth */,
				F9C06C7C2BE66CC900E80617 /* FirebaseFirestore */,
				F9C06C7E2BE66CC900E80617 /* FirebaseStorage */,
			);
			productName = InstagramClone;
			productReference = F9C06C5E2BE6620B00E80617 /* InstagramClone.app */;
			productType = "com.apple.product-type.application";
		};
/* End PBXNativeTarget section */

/* Begin PBXProject section */
		F9C06C562BE6620B00E80617 /* Project object */ = {
			isa = PBXProject;
			attributes = {
				BuildIndependentTargetsInParallel = 1;
				LastSwiftUpdateCheck = 1530;
				LastUpgradeCheck = 1530;
				TargetAttributes = {
					F9C06C5D2BE6620B00E80617 = {
						CreatedOnToolsVersion = 15.3;
					};
				};
			};
			buildConfigurationList = F9C06C592BE6620B00E80617 /* Build configuration list for PBXProject "InstagramClone" */;
			compatibilityVersion = "Xcode 14.0";
			developmentRegion = en;
			hasScannedForEncodings = 0;
			knownRegions = (
				en,
				Base,
			);
			mainGroup = F9C06C552BE6620B00E80617;
			packageReferences = (
				F9C06C772BE66CC900E80617 /* XCRemoteSwiftPackageReference "firebase-ios-sdk" */,
			);
			productRefGroup = F9C06C5F2BE6620B00E80617 /* Products */;
			projectDirPath = "";
			projectRoot = "";
			targets = (
				F9C06C5D2BE6620B00E80617 /* InstagramClone */,
			);
		};
/* End PBXProject section */

/* Begin PBXResourcesBuildPhase section */
		F9C06C5C2BE6620B00E80617 /* Resources */ = {
			isa = PBXResourcesBuildPhase;
			buildActionMask = 2147483647;
			files = (
				F9C06C6B2BE6620C00E80617 /* Assets.xcassets in Resources */,
				F9C06C832BE6816300E80617 /* GoogleService-Info.plist in Resources */,
				F9C06C6E2BE6620C00E80617 /* Base in Resources */,
				F9C06C692BE6620B00E80617 /* Base in Resources */,
			);
			runOnlyForDeploymentPostprocessing = 0;
		};
/* End PBXResourcesBuildPhase section */

/* Begin PBXSourcesBuildPhase section */
		F9C06C5A2BE6620B00E80617 /* Sources */ = {
			isa = PBXSourcesBuildPhase;
			buildActionMask = 2147483647;
			files = (
				F9C06C662BE6620B00E80617 /* ViewController.swift in Sources */,
				F93E71E52BE6983A00E1CFF9 /* SignUpViewController.swift in Sources */,
				F93E71E12BE68EFC00E1CFF9 /* UploadViewController.swift in Sources */,
				F9C06C622BE6620B00E80617 /* AppDelegate.swift in Sources */,
				F93E71DF2BE68EEE00E1CFF9 /* FeedViewController.swift in Sources */,
				F9C06C642BE6620B00E80617 /* SceneDelegate.swift in Sources */,
				F93E71E32BE68F0B00E1CFF9 /* SettingsViewController.swift in Sources */,
			);
			runOnlyForDeploymentPostprocessing = 0;
		};
/* End PBXSourcesBuildPhase section */

/* Begin PBXVariantGroup section */
		F9C06C672BE6620B00E80617 /* Main.storyboard */ = {
			isa = PBXVariantGroup;
			children = (
				F9C06C682BE6620B00E80617 /* Base */,
			);
			name = Main.storyboard;
			sourceTree = "<group>";
		};
		F9C06C6C2BE6620C00E80617 /* LaunchScreen.storyboard */ = {
			isa = PBXVariantGroup;
			children = (
				F9C06C6D2BE6620C00E80617 /* Base */,
			);
			name = LaunchScreen.storyboard;
			sourceTree = "<group>";
		};
/* End PBXVariantGroup section */

/* Begin XCBuildConfiguration section */
		F9C06C702BE6620C00E80617 /* Debug */ = {
			isa = XCBuildConfiguration;
			buildSettings = {
				ALWAYS_SEARCH_USER_PATHS = NO;
				ASSETCATALOG_COMPILER_GENERATE_SWIFT_ASSET_SYMBOL_EXTENSIONS = YES;
				CLANG_ANALYZER_NONNULL = YES;
				CLANG_ANALYZER_NUMBER_OBJECT_CONVERSION = YES_AGGRESSIVE;
				CLANG_CXX_LANGUAGE_STANDARD = "gnu++20";
				CLANG_ENABLE_MODULES = YES;
				CLANG_ENABLE_OBJC_ARC = YES;
				CLANG_ENABLE_OBJC_WEAK = YES;
				CLANG_WARN_BLOCK_CAPTURE_AUTORELEASING = YES;
				CLANG_WARN_BOOL_CONVERSION = YES;
				CLANG_WARN_COMMA = YES;
				CLANG_WARN_CONSTANT_CONVERSION = YES;
				CLANG_WARN_DEPRECATED_OBJC_IMPLEMENTATIONS = YES;
				CLANG_WARN_DIRECT_OBJC_ISA_USAGE = YES_ERROR;
				CLANG_WARN_DOCUMENTATION_COMMENTS = YES;
				CLANG_WARN_EMPTY_BODY = YES;
				CLANG_WARN_ENUM_CONVERSION = YES;
				CLANG_WARN_INFINITE_RECURSION = YES;
				CLANG_WARN_INT_CONVERSION = YES;
				CLANG_WARN_NON_LITERAL_NULL_CONVERSION = YES;
				CLANG_WARN_OBJC_IMPLICIT_RETAIN_SELF = YES;
				CLANG_WARN_OBJC_LITERAL_CONVERSION = YES;
				CLANG_WARN_OBJC_ROOT_CLASS = YES_ERROR;
				CLANG_WARN_QUOTED_INCLUDE_IN_FRAMEWORK_HEADER = YES;
				CLANG_WARN_RANGE_LOOP_ANALYSIS = YES;
				CLANG_WARN_STRICT_PROTOTYPES = YES;
				CLANG_WARN_SUSPICIOUS_MOVE = YES;
				CLANG_WARN_UNGUARDED_AVAILABILITY = YES_AGGRESSIVE;
				CLANG_WARN_UNREACHABLE_CODE = YES;
				CLANG_WARN__DUPLICATE_METHOD_MATCH = YES;
				COPY_PHASE_STRIP = NO;
				DEBUG_INFORMATION_FORMAT = dwarf;
				ENABLE_STRICT_OBJC_MSGSEND = YES;
				ENABLE_TESTABILITY = YES;
				ENABLE_USER_SCRIPT_SANDBOXING = YES;
				GCC_C_LANGUAGE_STANDARD = gnu17;
				GCC_DYNAMIC_NO_PIC = NO;
				GCC_NO_COMMON_BLOCKS = YES;
				GCC_OPTIMIZATION_LEVEL = 0;
				GCC_PREPROCESSOR_DEFINITIONS = (
					"DEBUG=1",
					"$(inherited)",
				);
				GCC_WARN_64_TO_32_BIT_CONVERSION = YES;
				GCC_WARN_ABOUT_RETURN_TYPE = YES_ERROR;
				GCC_WARN_UNDECLARED_SELECTOR = YES;
				GCC_WARN_UNINITIALIZED_AUTOS = YES_AGGRESSIVE;
				GCC_WARN_UNUSED_FUNCTION = YES;
				GCC_WARN_UNUSED_VARIABLE = YES;
				IPHONEOS_DEPLOYMENT_TARGET = 17.4;
				LOCALIZATION_PREFERS_STRING_CATALOGS = YES;
				MTL_ENABLE_DEBUG_INFO = INCLUDE_SOURCE;
				MTL_FAST_MATH = YES;
				ONLY_ACTIVE_ARCH = YES;
				SDKROOT = iphoneos;
				SWIFT_ACTIVE_COMPILATION_CONDITIONS = "DEBUG $(inherited)";
				SWIFT_OPTIMIZATION_LEVEL = "-Onone";
			};
			name = Debug;
		};
		F9C06C712BE6620C00E80617 /* Release */ = {
			isa = XCBuildConfiguration;
			buildSettings = {
				ALWAYS_SEARCH_USER_PATHS = NO;
				ASSETCATALOG_COMPILER_GENERATE_SWIFT_ASSET_SYMBOL_EXTENSIONS = YES;
				CLANG_ANALYZER_NONNULL = YES;
				CLANG_ANALYZER_NUMBER_OBJECT_CONVERSION = YES_AGGRESSIVE;
				CLANG_CXX_LANGUAGE_STANDARD = "gnu++20";
				CLANG_ENABLE_MODULES = YES;
				CLANG_ENABLE_OBJC_ARC = YES;
				CLANG_ENABLE_OBJC_WEAK = YES;
				CLANG_WARN_BLOCK_CAPTURE_AUTORELEASING = YES;
				CLANG_WARN_BOOL_CONVERSION = YES;
				CLANG_WARN_COMMA = YES;
				CLANG_WARN_CONSTANT_CONVERSION = YES;
				CLANG_WARN_DEPRECATED_OBJC_IMPLEMENTATIONS = YES;
				CLANG_WARN_DIRECT_OBJC_ISA_USAGE = YES_ERROR;
				CLANG_WARN_DOCUMENTATION_COMMENTS = YES;
				CLANG_WARN_EMPTY_BODY = YES;
				CLANG_WARN_ENUM_CONVERSION = YES;
				CLANG_WARN_INFINITE_RECURSION = YES;
				CLANG_WARN_INT_CONVERSION = YES;
				CLANG_WARN_NON_LITERAL_NULL_CONVERSION = YES;
				CLANG_WARN_OBJC_IMPLICIT_RETAIN_SELF = YES;
				CLANG_WARN_OBJC_LITERAL_CONVERSION = YES;
				CLANG_WARN_OBJC_ROOT_CLASS = YES_ERROR;
				CLANG_WARN_QUOTED_INCLUDE_IN_FRAMEWORK_HEADER = YES;
				CLANG_WARN_RANGE_LOOP_ANALYSIS = YES;
				CLANG_WARN_STRICT_PROTOTYPES = YES;
				CLANG_WARN_SUSPICIOUS_MOVE = YES;
				CLANG_WARN_UNGUARDED_AVAILABILITY = YES_AGGRESSIVE;
				CLANG_WARN_UNREACHABLE_CODE = YES;
				CLANG_WARN__DUPLICATE_METHOD_MATCH = YES;
				COPY_PHASE_STRIP = NO;
				DEBUG_INFORMATION_FORMAT = "dwarf-with-dsym";
				ENABLE_NS_ASSERTIONS = NO;
				ENABLE_STRICT_OBJC_MSGSEND = YES;
				ENABLE_USER_SCRIPT_SANDBOXING = YES;
				GCC_C_LANGUAGE_STANDARD = gnu17;
				GCC_NO_COMMON_BLOCKS = YES;
				GCC_WARN_64_TO_32_BIT_CONVERSION = YES;
				GCC_WARN_ABOUT_RETURN_TYPE = YES_ERROR;
				GCC_WARN_UNDECLARED_SELECTOR = YES;
				GCC_WARN_UNINITIALIZED_AUTOS = YES_AGGRESSIVE;
				GCC_WARN_UNUSED_FUNCTION = YES;
				GCC_WARN_UNUSED_VARIABLE = YES;
				IPHONEOS_DEPLOYMENT_TARGET = 17.4;
				LOCALIZATION_PREFERS_STRING_CATALOGS = YES;
				MTL_ENABLE_DEBUG_INFO = NO;
				MTL_FAST_MATH = YES;
				SDKROOT = iphoneos;
				SWIFT_COMPILATION_MODE = wholemodule;
				VALIDATE_PRODUCT = YES;
			};
			name = Release;
		};
		F9C06C732BE6620C00E80617 /* Debug */ = {
			isa = XCBuildConfiguration;
			buildSettings = {
				ASSETCATALOG_COMPILER_APPICON_NAME = AppIcon;
				ASSETCATALOG_COMPILER_GLOBAL_ACCENT_COLOR_NAME = AccentColor;
				CODE_SIGN_STYLE = Automatic;
				CURRENT_PROJECT_VERSION = 1;
				DEVELOPMENT_TEAM = PPB62NUUW9;
				GENERATE_INFOPLIST_FILE = YES;
				INFOPLIST_FILE = InstagramClone/Info.plist;
				INFOPLIST_KEY_UIApplicationSupportsIndirectInputEvents = YES;
				INFOPLIST_KEY_UILaunchStoryboardName = LaunchScreen;
				INFOPLIST_KEY_UIMainStoryboardFile = Main;
				INFOPLIST_KEY_UISupportedInterfaceOrientations_iPad = "UIInterfaceOrientationPortrait UIInterfaceOrientationPortraitUpsideDown UIInterfaceOrientationLandscapeLeft UIInterfaceOrientationLandscapeRight";
				INFOPLIST_KEY_UISupportedInterfaceOrientations_iPhone = "UIInterfaceOrientationPortrait UIInterfaceOrientationLandscapeLeft UIInterfaceOrientationLandscapeRight";
				LD_RUNPATH_SEARCH_PATHS = (
					"$(inherited)",
					"@executable_path/Frameworks",
				);
				MARKETING_VERSION = 1.0;
				PRODUCT_BUNDLE_IDENTIFIER = com.ibrahimsahan.InstagramClone;
				PRODUCT_NAME = "$(TARGET_NAME)";
				SWIFT_EMIT_LOC_STRINGS = YES;
				SWIFT_VERSION = 5.0;
				TARGETED_DEVICE_FAMILY = "1,2";
			};
			name = Debug;
		};
		F9C06C742BE6620C00E80617 /* Release */ = {
			isa = XCBuildConfiguration;
			buildSettings = {
				ASSETCATALOG_COMPILER_APPICON_NAME = AppIcon;
				ASSETCATALOG_COMPILER_GLOBAL_ACCENT_COLOR_NAME = AccentColor;
				CODE_SIGN_STYLE = Automatic;
				CURRENT_PROJECT_VERSION = 1;
				DEVELOPMENT_TEAM = PPB62NUUW9;
				GENERATE_INFOPLIST_FILE = YES;
				INFOPLIST_FILE = InstagramClone/Info.plist;
				INFOPLIST_KEY_UIApplicationSupportsIndirectInputEvents = YES;
				INFOPLIST_KEY_UILaunchStoryboardName = LaunchScreen;
				INFOPLIST_KEY_UIMainStoryboardFile = Main;
				INFOPLIST_KEY_UISupportedInterfaceOrientations_iPad = "UIInterfaceOrientationPortrait UIInterfaceOrientationPortraitUpsideDown UIInterfaceOrientationLandscapeLeft UIInterfaceOrientationLandscapeRight";
				INFOPLIST_KEY_UISupportedInterfaceOrientations_iPhone = "UIInterfaceOrientationPortrait UIInterfaceOrientationLandscapeLeft UIInterfaceOrientationLandscapeRight";
				LD_RUNPATH_SEARCH_PATHS = (
					"$(inherited)",
					"@executable_path/Frameworks",
				);
				MARKETING_VERSION = 1.0;
				PRODUCT_BUNDLE_IDENTIFIER = com.ibrahimsahan.InstagramClone;
				PRODUCT_NAME = "$(TARGET_NAME)";
				SWIFT_EMIT_LOC_STRINGS = YES;
				SWIFT_VERSION = 5.0;
				TARGETED_DEVICE_FAMILY = "1,2";
			};
			name = Release;
		};
/* End XCBuildConfiguration section */

/* Begin XCConfigurationList section */
		F9C06C592BE6620B00E80617 /* Build configuration list for PBXProject "InstagramClone" */ = {
			isa = XCConfigurationList;
			buildConfigurations = (
				F9C06C702BE6620C00E80617 /* Debug */,
				F9C06C712BE6620C00E80617 /* Release */,
			);
			defaultConfigurationIsVisible = 0;
			defaultConfigurationName = Release;
		};
		F9C06C722BE6620C00E80617 /* Build configuration list for PBXNativeTarget "InstagramClone" */ = {
			isa = XCConfigurationList;
			buildConfigurations = (
				F9C06C732BE6620C00E80617 /* Debug */,
				F9C06C742BE6620C00E80617 /* Release */,
			);
			defaultConfigurationIsVisible = 0;
			defaultConfigurationName = Release;
		};
/* End XCConfigurationList section */

/* Begin XCRemoteSwiftPackageReference section */
		F9C06C772BE66CC900E80617 /* XCRemoteSwiftPackageReference "firebase-ios-sdk" */ = {
			isa = XCRemoteSwiftPackageReference;
			repositoryURL = "https://github.com/firebase/firebase-ios-sdk";
			requirement = {
				kind = upToNextMajorVersion;
				minimumVersion = 10.25.0;
			};
		};
/* End XCRemoteSwiftPackageReference section */

/* Begin XCSwiftPackageProductDependency section */
		F9C06C782BE66CC900E80617 /* FirebaseAnalytics */ = {
			isa = XCSwiftPackageProductDependency;
			package = F9C06C772BE66CC900E80617 /* XCRemoteSwiftPackageReference "firebase-ios-sdk" */;
			productName = FirebaseAnalytics;
		};
		F9C06C7A2BE66CC900E80617 /* FirebaseAuth */ = {
			isa = XCSwiftPackageProductDependency;
			package = F9C06C772BE66CC900E80617 /* XCRemoteSwiftPackageReference "firebase-ios-sdk" */;
			productName = FirebaseAuth;
		};
		F9C06C7C2BE66CC900E80617 /* FirebaseFirestore */ = {
			isa = XCSwiftPackageProductDependency;
			package = F9C06C772BE66CC900E80617 /* XCRemoteSwiftPackageReference "firebase-ios-sdk" */;
			productName = FirebaseFirestore;
		};
		F9C06C7E2BE66CC900E80617 /* FirebaseStorage */ = {
			isa = XCSwiftPackageProductDependency;
			package = F9C06C772BE66CC900E80617 /* XCRemoteSwiftPackageReference "firebase-ios-sdk" */;
			productName = FirebaseStorage;
		};
/* End XCSwiftPackageProductDependency section */
	};
	rootObject = F9C06C562BE6620B00E80617 /* Project object */;
}
